[[package]]
name = "id_tree"
version = "1.2.0"
source = "registry+https://github.com/rust-lang/crates.io-index"
dependencies = [
 "snowflake 1.3.0 (registry+https://github.com/rust-lang/crates.io-index)",
]

[[package]]
name = "matches"
version = "0.1.6"
source = "registry+https://github.com/rust-lang/crates.io-index"

[[package]]
name = "my_parser"
version = "0.1.0"
dependencies = [
 "id_tree 1.2.0 (registry+https://github.com/rust-lang/crates.io-index)",
 "matches 0.1.6 (registry+https://github.com/rust-lang/crates.io-index)",
]

[[package]]
name = "snowflake"
version = "1.3.0"
source = "registry+https://github.com/rust-lang/crates.io-index"

[metadata]
"checksum id_tree 1.2.0 (registry+https://github.com/rust-lang/crates.io-index)" = "a35e9b81e37faef933ad3bf9abec00ac75406e6cdb5b1a1c3795341effcc737e"
"checksum matches 0.1.6 (registry+https://github.com/rust-lang/crates.io-index)" = "100aabe6b8ff4e4a7e32c1c13523379802df0772b82466207ac25b013f193376"
"checksum snowflake 1.3.0 (registry+https://github.com/rust-lang/crates.io-index)" = "27207bb65232eda1f588cf46db2fee75c0808d557f6b3cf19a75f5d6d7c94df1"
